
Microsoft Visual Studio Solution File, Format Version 12.00
# Visual Studio Version 16
VisualStudioVersion = 16.0.31129.286
MinimumVisualStudioVersion = 10.0.40219.1
Project("{FAE04EC0-301F-11D3-BF4B-00C04F79EFBC}") = "UniRow.Mobile.Android", "UniRow.Mobile\UniRow.Mobile.Android\UniRow.Mobile.Android.csproj", "{5D2F1B86-8F0C-4876-982C-4EF9FA57E5F7}"
EndProject
Project("{FAE04EC0-301F-11D3-BF4B-00C04F79EFBC}") = "UniRow.Mobile.iOS", "UniRow.Mobile\UniRow.Mobile.iOS\UniRow.Mobile.iOS.csproj", "{23C3F9FE-19C0-4AE5-BEF7-16FE09E1D47B}"
EndProject
Project("{9A19103F-16F7-4668-BE54-9A1E7A4F7556}") = "UniRow.Mobile", "UniRow.Mobile\UniRow.Mobile\UniRow.Mobile.csproj", "{E368867E-378C-4FF7-9CE9-A7C8EFDCEF8C}"
EndProject
Project("{FAE04EC0-301F-11D3-BF4B-00C04F79EFBC}") = "UniRow.Library", "UniRow.Library\UniRow.Library.csproj", "{99256197-B6D9-461C-A3A5-4CDE1BFCD96E}"
EndProject
Global
	GlobalSection(SolutionConfigurationPlatforms) = preSolution
		Debug|Any CPU = Debug|Any CPU
		Debug|iPhone = Debug|iPhone
		Debug|iPhoneSimulator = Debug|iPhoneSimulator
		Release|Any CPU = Release|Any CPU
		Release|iPhone = Release|iPhone
		Release|iPhoneSimulator = Release|iPhoneSimulator
	EndGlobalSection
	GlobalSection(ProjectConfigurationPlatforms) = postSolution
		{5D2F1B86-8F0C-4876-982C-4EF9FA57E5F7}.Debug|Any CPU.ActiveCfg = Debug|Any CPU
		{5D2F1B86-8F0C-4876-982C-4EF9FA57E5F7}.Debug|Any CPU.Build.0 = Debug|Any CPU
		{5D2F1B86-8F0C-4876-982C-4EF9FA57E5F7}.Debug|Any CPU.Deploy.0 = Debug|Any CPU
		{5D2F1B86-8F0C-4876-982C-4EF9FA57E5F7}.Debug|iPhone.ActiveCfg = Debug|Any CPU
		{5D2F1B86-8F0C-4876-982C-4EF9FA57E5F7}.Debug|iPhone.Build.0 = Debug|Any CPU
		{5D2F1B86-8F0C-4876-982C-4EF9FA57E5F7}.Debug|iPhone.Deploy.0 = Debug|Any CPU
		{5D2F1B86-8F0C-4876-982C-4EF9FA57E5F7}.Debug|iPhoneSimulator.ActiveCfg = Debug|Any CPU
		{5D2F1B86-8F0C-4876-982C-4EF9FA57E5F7}.Debug|iPhoneSimulator.Build.0 = Debug|Any CPU
		{5D2F1B86-8F0C-4876-982C-4EF9FA57E5F7}.Debug|iPhoneSimulator.Deploy.0 = Debug|Any CPU
		{5D2F1B86-8F0C-4876-982C-4EF9FA57E5F7}.Release|Any CPU.ActiveCfg = Release|Any CPU
		{5D2F1B86-8F0C-4876-982C-4EF9FA57E5F7}.Release|Any CPU.Build.0 = Release|Any CPU
		{5D2F1B86-8F0C-4876-982C-4EF9FA57E5F7}.Release|Any CPU.Deploy.0 = Release|Any CPU
		{5D2F1B86-8F0C-4876-982C-4EF9FA57E5F7}.Release|iPhone.ActiveCfg = Release|Any CPU
		{5D2F1B86-8F0C-4876-982C-4EF9FA57E5F7}.Release|iPhone.Build.0 = Release|Any CPU
		{5D2F1B86-8F0C-4876-982C-4EF9FA57E5F7}.Release|iPhone.Deploy.0 = Release|Any CPU
		{5D2F1B86-8F0C-4876-982C-4EF9FA57E5F7}.Release|iPhoneSimulator.ActiveCfg = Release|Any CPU
		{5D2F1B86-8F0C-4876-982C-4EF9FA57E5F7}.Release|iPhoneSimulator.Build.0 = Release|Any CPU
		{5D2F1B86-8F0C-4876-982C-4EF9FA57E5F7}.Release|iPhoneSimulator.Deploy.0 = Release|Any CPU
		{23C3F9FE-19C0-4AE5-BEF7-16FE09E1D47B}.Debug|Any CPU.ActiveCfg = Debug|iPhoneSimulator
		{23C3F9FE-19C0-4AE5-BEF7-16FE09E1D47B}.Debug|iPhone.ActiveCfg = Debug|iPhone
		{23C3F9FE-19C0-4AE5-BEF7-16FE09E1D47B}.Debug|iPhone.Build.0 = Debug|iPhone
		{23C3F9FE-19C0-4AE5-BEF7-16FE09E1D47B}.Debug|iPhoneSimulator.ActiveCfg = Debug|iPhoneSimulator
		{23C3F9FE-19C0-4AE5-BEF7-16FE09E1D47B}.Debug|iPhoneSimulator.Build.0 = Debug|iPhoneSimulator
		{23C3F9FE-19C0-4AE5-BEF7-16FE09E1D47B}.Release|Any CPU.ActiveCfg = Release|iPhoneSimulator
		{23C3F9FE-19C0-4AE5-BEF7-16FE09E1D47B}.Release|iPhone.ActiveCfg = Release|iPhone
		{23C3F9FE-19C0-4AE5-BEF7-16FE09E1D47B}.Release|iPhone.Build.0 = Release|iPhone
		{23C3F9FE-19C0-4AE5-BEF7-16FE09E1D47B}.Release|iPhoneSimulator.ActiveCfg = Release|iPhoneSimulator
		{23C3F9FE-19C0-4AE5-BEF7-16FE09E1D47B}.Release|iPhoneSimulator.Build.0 = Release|iPhoneSimulator
		{E368867E-378C-4FF7-9CE9-A7C8EFDCEF8C}.Debug|Any CPU.ActiveCfg = Debug|Any CPU
		{E368867E-378C-4FF7-9CE9-A7C8EFDCEF8C}.Debug|Any CPU.Build.0 = Debug|Any CPU
		{E368867E-378C-4FF7-9CE9-A7C8EFDCEF8C}.Debug|iPhone.ActiveCfg = Debug|Any CPU
		{E368867E-378C-4FF7-9CE9-A7C8EFDCEF8C}.Debug|iPhone.Build.0 = Debug|Any CPU
		{E368867E-378C-4FF7-9CE9-A7C8EFDCEF8C}.Debug|iPhoneSimulator.ActiveCfg = Debug|Any CPU
		{E368867E-378C-4FF7-9CE9-A7C8EFDCEF8C}.Debug|iPhoneSimulator.Build.0 = Debug|Any CPU
		{E368867E-378C-4FF7-9CE9-A7C8EFDCEF8C}.Release|Any CPU.ActiveCfg = Release|Any CPU
		{E368867E-378C-4FF7-9CE9-A7C8EFDCEF8C}.Release|Any CPU.Build.0 = Release|Any CPU
		{E368867E-378C-4FF7-9CE9-A7C8EFDCEF8C}.Release|iPhone.ActiveCfg = Release|Any CPU
		{E368867E-378C-4FF7-9CE9-A7C8EFDCEF8C}.Release|iPhone.Build.0 = Release|Any CPU
		{E368867E-378C-4FF7-9CE9-A7C8EFDCEF8C}.Release|iPhoneSimulator.ActiveCfg = Release|Any CPU
		{E368867E-378C-4FF7-9CE9-A7C8EFDCEF8C}.Release|iPhoneSimulator.Build.0 = Release|Any CPU
		{99256197-B6D9-461C-A3A5-4CDE1BFCD96E}.Debug|Any CPU.ActiveCfg = Debug|Any CPU
		{99256197-B6D9-461C-A3A5-4CDE1BFCD96E}.Debug|Any CPU.Build.0 = Debug|Any CPU
		{99256197-B6D9-461C-A3A5-4CDE1BFCD96E}.Debug|iPhone.ActiveCfg = Debug|Any CPU
		{99256197-B6D9-461C-A3A5-4CDE1BFCD96E}.Debug|iPhone.Build.0 = Debug|Any CPU
		{99256197-B6D9-461C-A3A5-4CDE1BFCD96E}.Debug|iPhoneSimulator.ActiveCfg = Debug|Any CPU
		{99256197-B6D9-461C-A3A5-4CDE1BFCD96E}.Debug|iPhoneSimulator.Build.0 = Debug|Any CPU
		{99256197-B6D9-461C-A3A5-4CDE1BFCD96E}.Release|Any CPU.ActiveCfg = Release|Any CPU
		{99256197-B6D9-461C-A3A5-4CDE1BFCD96E}.Release|Any CPU.Build.0 = Release|Any CPU
		{99256197-B6D9-461C-A3A5-4CDE1BFCD96E}.Release|iPhone.ActiveCfg = Release|Any CPU
		{99256197-B6D9-461C-A3A5-4CDE1BFCD96E}.Release|iPhone.Build.0 = Release|Any CPU
		{99256197-B6D9-461C-A3A5-4CDE1BFCD96E}.Release|iPhoneSimulator.ActiveCfg = Release|Any CPU
		{99256197-B6D9-461C-A3A5-4CDE1BFCD96E}.Release|iPhoneSimulator.Build.0 = Release|Any CPU
	EndGlobalSection
	GlobalSection(SolutionProperties) = preSolution
		HideSolutionNode = FALSE
	EndGlobalSection
	GlobalSection(ExtensibilityGlobals) = postSolution
		SolutionGuid = {946A676B-4DD8-453F-95DD-5E2747566276}
	EndGlobalSection
EndGlobal
